
Microsoft Visual Studio Solution File, Format Version 12.00
# Visual Studio Version 17
VisualStudioVersion = 17.9.34728.123
MinimumVisualStudioVersion = 10.0.40219.1
Project("{9A19103F-16F7-4668-BE54-9A1E7A4F7556}") = "EventModsen", "EventModsen\EventModsen.csproj", "{CDDA62A2-9B45-4CE9-A77B-ECDBC0508F15}"
EndProject
Project("{9A19103F-16F7-4668-BE54-9A1E7A4F7556}") = "Tests", "Tests\Tests.csproj", "{6B8295F5-030F-4CC2-9E02-AC50A90DB6D7}"
EndProject
Project("{E53339B2-1760-4266-BCC7-CA923CBCF16C}") = "docker-compose", "docker-compose.dcproj", "{AFC4F370-98EC-460E-890E-7971A2624AA5}"
EndProject
Global
	GlobalSection(SolutionConfigurationPlatforms) = preSolution
		Debug|Any CPU = Debug|Any CPU
		Release|Any CPU = Release|Any CPU
	EndGlobalSection
	GlobalSection(ProjectConfigurationPlatforms) = postSolution
		{CDDA62A2-9B45-4CE9-A77B-ECDBC0508F15}.Debug|Any CPU.ActiveCfg = Debug|Any CPU
		{CDDA62A2-9B45-4CE9-A77B-ECDBC0508F15}.Debug|Any CPU.Build.0 = Debug|Any CPU
		{CDDA62A2-9B45-4CE9-A77B-ECDBC0508F15}.Release|Any CPU.ActiveCfg = Release|Any CPU
		{CDDA62A2-9B45-4CE9-A77B-ECDBC0508F15}.Release|Any CPU.Build.0 = Release|Any CPU
		{6B8295F5-030F-4CC2-9E02-AC50A90DB6D7}.Debug|Any CPU.ActiveCfg = Debug|Any CPU
		{6B8295F5-030F-4CC2-9E02-AC50A90DB6D7}.Debug|Any CPU.Build.0 = Debug|Any CPU
		{6B8295F5-030F-4CC2-9E02-AC50A90DB6D7}.Release|Any CPU.ActiveCfg = Release|Any CPU
		{6B8295F5-030F-4CC2-9E02-AC50A90DB6D7}.Release|Any CPU.Build.0 = Release|Any CPU
		{AFC4F370-98EC-460E-890E-7971A2624AA5}.Debug|Any CPU.ActiveCfg = Debug|Any CPU
		{AFC4F370-98EC-460E-890E-7971A2624AA5}.Debug|Any CPU.Build.0 = Debug|Any CPU
		{AFC4F370-98EC-460E-890E-7971A2624AA5}.Release|Any CPU.ActiveCfg = Release|Any CPU
		{AFC4F370-98EC-460E-890E-7971A2624AA5}.Release|Any CPU.Build.0 = Release|Any CPU
	EndGlobalSection
	GlobalSection(SolutionProperties) = preSolution
		HideSolutionNode = FALSE
	EndGlobalSection
	GlobalSection(ExtensibilityGlobals) = postSolution
		SolutionGuid = {4EA26F19-81FA-48DC-8168-DBFAB7508374}
	EndGlobalSection
EndGlobal
